# This file was autogenerated by Stack.
# You should not edit this file by hand.
# For more information, please see the documentation at:
#   https://docs.haskellstack.org/en/stable/lock_files

packages:
- completed:
    hackage: taglib-0.1.1@sha256:aea1455dc8e97624bcdc4c7616b95d0ad3e7fcc9b7f7be4d373966ef2ccec56e,862
    pantry-tree:
      size: 255
      sha256: 1ae5c7cfff629ea4959d0f15ba91998150ecf489a17abbfda3ab26ba68c2dc46
  original:
    hackage: taglib-0.1.1
snapshots:
- completed:
    size: 504771
    url: https://raw.githubusercontent.com/commercialhaskell/stackage-snapshots/master/lts/12/14.yaml
    sha256: 3cbd6c83316dd5e2bbc756dc7a2a4e31a31859c3f8b5c720efb6850b08e42649
  original: lts-12.14
